<?xml version="1.0" encoding="UTF-8"?>
<Scheme
   LastUpgradeVersion = "1430"
   version = "1.7">
   <BuildAction
      parallelizeBuildables = "YES"
      buildImplicitDependencies = "YES">
      <BuildActionEntries>
         <BuildActionEntry
            buildForTesting = "YES"
            buildForRunning = "YES"
            buildForProfiling = "YES"
            buildForArchiving = "YES"
            buildForAnalyzing = "YES">
            <BuildableReference
               BuildableIdentifier = "primary"
               BlueprintIdentifier = "90D074C42A8C5FCD00209F22"
               BuildableName = "ffmpeg"
               BlueprintName = "ffmpeg"
               ReferencedContainer = "container:ffmpeg_xcode_6.0.xcodeproj">
            </BuildableReference>
         </BuildActionEntry>
      </BuildActionEntries>
   </BuildAction>
   <TestAction
      buildConfiguration = "Debug"
      selectedDebuggerIdentifier = "Xcode.DebuggerFoundation.Debugger.LLDB"
      selectedLauncherIdentifier = "Xcode.DebuggerFoundation.Launcher.LLDB"
      shouldUseLaunchSchemeArgsEnv = "YES"
      shouldAutocreateTestPlan = "YES">
   </TestAction>
   <LaunchAction
      buildConfiguration = "Debug"
      selectedDebuggerIdentifier = "Xcode.DebuggerFoundation.Debugger.LLDB"
      selectedLauncherIdentifier = "Xcode.DebuggerFoundation.Launcher.LLDB"
      launchStyle = "0"
      useCustomWorkingDirectory = "NO"
      ignoresPersistentStateOnLaunch = "NO"
      debugDocumentVersioning = "YES"
      debugServiceExtension = "internal"
      allowLocationSimulation = "YES"
      viewDebuggingEnabled = "No">
      <BuildableProductRunnable
         runnableDebuggingMode = "0">
         <BuildableReference
            BuildableIdentifier = "primary"
            BlueprintIdentifier = "90D074C42A8C5FCD00209F22"
            BuildableName = "ffmpeg"
            BlueprintName = "ffmpeg"
            ReferencedContainer = "container:ffmpeg_xcode_6.0.xcodeproj">
         </BuildableReference>
      </BuildableProductRunnable>
      <CommandLineArguments>
         <CommandLineArgument
            argument = "-y  -f avfoundation -r 30 -i 1 -s 192x108  -vcodec rawvideo -t 4  screen.mp4"
            isEnabled = "NO">
         </CommandLineArgument>
         <CommandLineArgument
            argument = "-formats"
            isEnabled = "NO">
         </CommandLineArgument>
         <CommandLineArgument
            argument = "-re -f avfoundation -r 30 -i 0  -acodec copy -vcodec h264_videotoolbox -f flv rtmp://hqzwp.cn/live/livestream"
            isEnabled = "NO">
         </CommandLineArgument>
         <CommandLineArgument
            argument = "-i https://vod1.haimianmba.com/a1ec98f4vodcq1253685947/55f5f6f9243791581148936076/f0.mp4  math.mp4"
            isEnabled = "NO">
         </CommandLineArgument>
         <CommandLineArgument
            argument = "-y  -f avfoundation -r 30 -i 0:0 -t 10 -vcodec h264_videotoolbox  screen.mp4"
            isEnabled = "YES">
         </CommandLineArgument>
         <CommandLineArgument
            argument = "-y  -f avfoundation -i 0:0 -t 10 -vcodec h264_videotoolbox  screen.mp4"
            isEnabled = "NO">
         </CommandLineArgument>
         <CommandLineArgument
            argument = "-i /Users/santian_mac/Downloads/tmp/eng.mp4 -ss 00:00:30 -t 10  -vcodec h264  -y  /Users/santian_mac/Downloads/tmp/tss1.mp4"
            isEnabled = "NO">
         </CommandLineArgument>
         <CommandLineArgument
            argument = "-y  -f avfoundation -r 30 -i 0 -s 192x108 -t 4 -vcodec libx264  screen.mp4"
            isEnabled = "NO">
         </CommandLineArgument>
         <CommandLineArgument
            argument = "-y  -f avfoundation -r 30 -i 1:0 -t 10 -vcodec libx264  screen.mp4"
            isEnabled = "NO">
         </CommandLineArgument>
         <CommandLineArgument
            argument = "-encoders"
            isEnabled = "NO">
         </CommandLineArgument>
         <CommandLineArgument
            argument = "-decoders"
            isEnabled = "NO">
         </CommandLineArgument>
         <CommandLineArgument
            argument = "-filters"
            isEnabled = "NO">
         </CommandLineArgument>
      </CommandLineArguments>
   </LaunchAction>
   <ProfileAction
      buildConfiguration = "Release"
      shouldUseLaunchSchemeArgsEnv = "YES"
      savedToolIdentifier = ""
      useCustomWorkingDirectory = "NO"
      debugDocumentVersioning = "YES">
      <BuildableProductRunnable
         runnableDebuggingMode = "0">
         <BuildableReference
            BuildableIdentifier = "primary"
            BlueprintIdentifier = "90D074C42A8C5FCD00209F22"
            BuildableName = "ffmpeg"
            BlueprintName = "ffmpeg"
            ReferencedContainer = "container:ffmpeg_xcode_6.0.xcodeproj">
         </BuildableReference>
      </BuildableProductRunnable>
   </ProfileAction>
   <AnalyzeAction
      buildConfiguration = "Debug">
   </AnalyzeAction>
   <ArchiveAction
      buildConfiguration = "Release"
      revealArchiveInOrganizer = "YES">
   </ArchiveAction>
</Scheme>
